<?xml version="1.0" encoding="utf-8"?>
<Project ToolsVersion="4.0" xmlns="http://schemas.microsoft.com/developer/msbuild/2003">
  <ItemGroup>
    <Filter Include="Source Files">
      <UniqueIdentifier>{4FC737F1-C7A5-4376-A066-2A32D752A2FF}</UniqueIdentifier>
      <Extensions>cpp;c;cc;cxx;c++;cppm;ixx;def;odl;idl;hpj;bat;asm;asmx</Extensions>
    </Filter>
    <Filter Include="Header Files">
      <UniqueIdentifier>{93995380-89BD-4b04-88EB-625FBE52EBFB}</UniqueIdentifier>
      <Extensions>h;hh;hpp;hxx;h++;hm;inl;inc;ipp;xsd</Extensions>
    </Filter>
    <Filter Include="Resource Files">
      <UniqueIdentifier>{67DA6AB6-F800-4c08-8B7A-83BB121AAD01}</UniqueIdentifier>
      <Extensions>rc;ico;cur;bmp;dlg;rc2;rct;bin;rgs;gif;jpg;jpeg;jpe;resx;tiff;tif;png;wav;mfcribbon-ms</Extensions>
    </Filter>
    <Filter Include="Visualizers">
      <UniqueIdentifier>{c7e4eb05-26ca-4ebb-95c2-73244138e354}</UniqueIdentifier>
    </Filter>
    <Filter Include="Templates">
      <UniqueIdentifier>{4c6a587b-a6f0-4d4e-a0ad-0d6d59a360d0}</UniqueIdentifier>
    </Filter>
    <Filter Include="Templates\ProjectTemplates">
      <UniqueIdentifier>{72ef6c60-d676-4609-8a1f-f826f08b3cf2}</UniqueIdentifier>
    </Filter>
    <Filter Include="Templates\ProjectTemplates\Visual C++">
      <UniqueIdentifier>{8665e4e8-b99a-445b-bc74-3540edeb66fd}</UniqueIdentifier>
    </Filter>
  </ItemGroup>
  <ItemGroup>
    <Natvis Include="Visualizers\oper.natvis">
      <Filter>Visualizers</Filter>
    </Natvis>
  </ItemGroup>
  <ItemGroup>
    <ClInclude Include="include\addin.h">
      <Filter>Header Files</Filter>
    </ClInclude>
    <ClInclude Include="include\alert.h">
      <Filter>Header Files</Filter>
    </ClInclude>
    <ClInclude Include="include\args.h">
      <Filter>Header Files</Filter>
    </ClInclude>
    <ClInclude Include="include\auto.h">
      <Filter>Header Files</Filter>
    </ClInclude>
    <ClInclude Include="include\defines.h">
      <Filter>Header Files</Filter>
    </ClInclude>
    <ClInclude Include="include\ensure.h">
      <Filter>Header Files</Filter>
    </ClInclude>
    <ClInclude Include="include\enum.h">
      <Filter>Header Files</Filter>
    </ClInclude>
    <ClInclude Include="include\excel.h">
      <Filter>Header Files</Filter>
    </ClInclude>
    <ClInclude Include="include\excel_time.h">
      <Filter>Header Files</Filter>
    </ClInclude>
    <ClInclude Include="include\export.h">
      <Filter>Header Files</Filter>
    </ClInclude>
    <ClInclude Include="include\fp.h">
      <Filter>Header Files</Filter>
    </ClInclude>
    <ClInclude Include="include\fpx.h">
      <Filter>Header Files</Filter>
    </ClInclude>
    <ClInclude Include="include\handle.h">
      <Filter>Header Files</Filter>
    </ClInclude>
    <ClInclude Include="include\macrofun.h">
      <Filter>Header Files</Filter>
    </ClInclude>
    <ClInclude Include="include\on.h">
      <Filter>Header Files</Filter>
    </ClInclude>
    <ClInclude Include="include\oper.h">
      <Filter>Header Files</Filter>
    </ClInclude>
    <ClInclude Include="include\ref.h">
      <Filter>Header Files</Filter>
    </ClInclude>
    <ClInclude Include="include\register.h">
      <Filter>Header Files</Filter>
    </ClInclude>
    <ClInclude Include="include\utf8.h">
      <Filter>Header Files</Filter>
    </ClInclude>
    <ClInclude Include="include\XLCALL.H">
      <Filter>Header Files</Filter>
    </ClInclude>
    <ClInclude Include="include\xll.h">
      <Filter>Header Files</Filter>
    </ClInclude>
    <ClInclude Include="include\xloper.h">
      <Filter>Header Files</Filter>
    </ClInclude>
    <ClInclude Include="include\type.h">
      <Filter>Header Files</Filter>
    </ClInclude>
    <ClInclude Include="include\xll_mem_oper.h">
      <Filter>Header Files</Filter>
    </ClInclude>
    <ClInclude Include="include\win_mem_view.h">
      <Filter>Header Files</Filter>
    </ClInclude>
  </ItemGroup>
  <ItemGroup>
    <ClCompile Include="src\addin.cpp">
      <Filter>Source Files</Filter>
    </ClCompile>
    <ClCompile Include="src\debug.cpp">
      <Filter>Source Files</Filter>
    </ClCompile>
    <ClCompile Include="src\dllmain.cpp">
      <Filter>Source Files</Filter>
    </ClCompile>
    <ClCompile Include="src\evaluate.cpp">
      <Filter>Source Files</Filter>
    </ClCompile>
    <ClCompile Include="src\fpx.c">
      <Filter>Source Files</Filter>
    </ClCompile>
    <ClCompile Include="src\paste.cpp">
      <Filter>Source Files</Filter>
    </ClCompile>
    <ClCompile Include="src\range.cpp">
      <Filter>Source Files</Filter>
    </ClCompile>
    <ClCompile Include="src\xlauto.cpp">
      <Filter>Source Files</Filter>
    </ClCompile>
    <ClCompile Include="src\XLCALL.CPP">
      <Filter>Source Files</Filter>
    </ClCompile>
    <ClCompile Include="src\depends.cpp">
      <Filter>Source Files</Filter>
    </ClCompile>
    <ClCompile Include="src\alert.cpp">
      <Filter>Source Files</Filter>
    </ClCompile>
    <ClCompile Include="src\doevents.cpp">
      <Filter>Source Files</Filter>
    </ClCompile>
    <ClCompile Include="src\py.cpp">
      <Filter>Source Files</Filter>
    </ClCompile>
  </ItemGroup>
  <ItemGroup>
    <None Include="README.md" />
    <None Include="xll.props" />
    <None Include="xll.bat">
      <Filter>Source Files</Filter>
    </None>
  </ItemGroup>
</Project>